dichalcogenides==0.3.0
pdoc==0.3.2
pylint==1.5.5
matplotlib==1.5.1
## The following requirements were added by pip freeze:
astroid==1.4.5
colorama==0.3.7
cycler==0.10.0
lazy-object-proxy==1.2.2
Mako==1.0.4
Markdown==2.4.1
MarkupSafe==0.23
numpy==1.11.0
pyparsing==2.1.4
python-dateutil==2.5.3
pytz==2016.4
PyYAML==3.11
scipy==0.17.1
six==1.10.0
wrapt==1.10.8
